
Microsoft Visual Studio Solution File, Format Version 12.00
# Visual Studio 15
VisualStudioVersion = 15.0.27703.2042
MinimumVisualStudioVersion = 10.0.40219.1
Project("{FAE04EC0-301F-11D3-BF4B-00C04F79EFBC}") = "CarRental", "designCar\CarRental.csproj", "{ACDF6585-E398-4B43-8C77-865BFA4BEE8D}"
EndProject
Global
	GlobalSection(SolutionConfigurationPlatforms) = preSolution
		Debug|Any CPU = Debug|Any CPU
		Release|Any CPU = Release|Any CPU
	EndGlobalSection
	GlobalSection(ProjectConfigurationPlatforms) = postSolution
		{ACDF6585-E398-4B43-8C77-865BFA4BEE8D}.Debug|Any CPU.ActiveCfg = Debug|Any CPU
		{ACDF6585-E398-4B43-8C77-865BFA4BEE8D}.Debug|Any CPU.Build.0 = Debug|Any CPU
		{ACDF6585-E398-4B43-8C77-865BFA4BEE8D}.Release|Any CPU.ActiveCfg = Release|Any CPU
		{ACDF6585-E398-4B43-8C77-865BFA4BEE8D}.Release|Any CPU.Build.0 = Release|Any CPU
	EndGlobalSection
	GlobalSection(SolutionProperties) = preSolution
		HideSolutionNode = FALSE
	EndGlobalSection
	GlobalSection(ExtensibilityGlobals) = postSolution
		SolutionGuid = {1FE95E2A-AFE7-4692-B3CF-37FC50B479C8}
	EndGlobalSection
EndGlobal
